// !$*UTF8*$!
{
	archiveVersion = 1;
	classes = {
	};
	objectVersion = 51;
	objects = {

/* Begin PBXBuildFile section */
		2C2A1994E99A553EC8EC62A1 /* Pods_plug.framework in Frameworks */ = {isa = PBXBuildFile; fileRef = 3B81A51F40760BB193161C7A /* Pods_plug.framework */; };
		D45A0EFA2479A70500280226 /* PostViewController.swift in Sources */ = {isa = PBXBuildFile; fileRef = D45A0EF92479A70500280226 /* PostViewController.swift */; };
		D45A0EFC2479A73600280226 /* SectionController.swift in Sources */ = {isa = PBXBuildFile; fileRef = D45A0EFB2479A73600280226 /* SectionController.swift */; };
		D45A0EFE2479A8D600280226 /* Item.swift in Sources */ = {isa = PBXBuildFile; fileRef = D45A0EFD2479A8D600280226 /* Item.swift */; };
		D45A0F002479AE2A00280226 /* RootViewController.swift in Sources */ = {isa = PBXBuildFile; fileRef = D45A0EFF2479AE2A00280226 /* RootViewController.swift */; };
		D4E7C1842479A3F300E6CF2B /* AppDelegate.swift in Sources */ = {isa = PBXBuildFile; fileRef = D4E7C1832479A3F300E6CF2B /* AppDelegate.swift */; };
		D4E7C1862479A3F300E6CF2B /* SceneDelegate.swift in Sources */ = {isa = PBXBuildFile; fileRef = D4E7C1852479A3F300E6CF2B /* SceneDelegate.swift */; };
		D4E7C18B2479A3F300E6CF2B /* Main.storyboard in Resources */ = {isa = PBXBuildFile; fileRef = D4E7C1892479A3F300E6CF2B /* Main.storyboard */; };
		D4E7C18D2479A3F500E6CF2B /* Assets.xcassets in Resources */ = {isa = PBXBuildFile; fileRef = D4E7C18C2479A3F500E6CF2B /* Assets.xcassets */; };
		D4E7C1902479A3F500E6CF2B /* LaunchScreen.storyboard in Resources */ = {isa = PBXBuildFile; fileRef = D4E7C18E2479A3F500E6CF2B /* LaunchScreen.storyboard */; };
/* End PBXBuildFile section */

/* Begin PBXFileReference section */
		3B81A51F40760BB193161C7A /* Pods_plug.framework */ = {isa = PBXFileReference; explicitFileType = wrapper.framework; includeInIndex = 0; path = Pods_plug.framework; sourceTree = BUILT_PRODUCTS_DIR; };
		5C95089372D4874CF7B18AC9 /* Pods-plug.release.xcconfig */ = {isa = PBXFileReference; includeInIndex = 1; lastKnownFileType = text.xcconfig; name = "Pods-plug.release.xcconfig"; path = "Target Support Files/Pods-plug/Pods-plug.release.xcconfig"; sourceTree = "<group>"; };
		61B3125928DE10FAAE66D200 /* Pods-plug.debug.xcconfig */ = {isa = PBXFileReference; includeInIndex = 1; lastKnownFileType = text.xcconfig; name = "Pods-plug.debug.xcconfig"; path = "Target Support Files/Pods-plug/Pods-plug.debug.xcconfig"; sourceTree = "<group>"; };
		D45A0EF92479A70500280226 /* PostViewController.swift */ = {isa = PBXFileReference; lastKnownFileType = sourcecode.swift; path = PostViewController.swift; sourceTree = "<group>"; };
		D45A0EFB2479A73600280226 /* SectionController.swift */ = {isa = PBXFileReference; lastKnownFileType = sourcecode.swift; path = SectionController.swift; sourceTree = "<group>"; };
		D45A0EFD2479A8D600280226 /* Item.swift */ = {isa = PBXFileReference; lastKnownFileType = sourcecode.swift; path = Item.swift; sourceTree = "<group>"; };
		D45A0EFF2479AE2A00280226 /* RootViewController.swift */ = {isa = PBXFileReference; lastKnownFileType = sourcecode.swift; path = RootViewController.swift; sourceTree = "<group>"; };
		D4E7C1802479A3F300E6CF2B /* plug.app */ = {isa = PBXFileReference; explicitFileType = wrapper.application; includeInIndex = 0; path = plug.app; sourceTree = BUILT_PRODUCTS_DIR; };
		D4E7C1832479A3F300E6CF2B /* AppDelegate.swift */ = {isa = PBXFileReference; lastKnownFileType = sourcecode.swift; path = AppDelegate.swift; sourceTree = "<group>"; };
		D4E7C1852479A3F300E6CF2B /* SceneDelegate.swift */ = {isa = PBXFileReference; lastKnownFileType = sourcecode.swift; path = SceneDelegate.swift; sourceTree = "<group>"; };
		D4E7C18A2479A3F300E6CF2B /* Base */ = {isa = PBXFileReference; lastKnownFileType = file.storyboard; name = Base; path = Base.lproj/Main.storyboard; sourceTree = "<group>"; };
		D4E7C18C2479A3F500E6CF2B /* Assets.xcassets */ = {isa = PBXFileReference; lastKnownFileType = folder.assetcatalog; path = Assets.xcassets; sourceTree = "<group>"; };
		D4E7C18F2479A3F500E6CF2B /* Base */ = {isa = PBXFileReference; lastKnownFileType = file.storyboard; name = Base; path = Base.lproj/LaunchScreen.storyboard; sourceTree = "<group>"; };
		D4E7C1912479A3F500E6CF2B /* Info.plist */ = {isa = PBXFileReference; lastKnownFileType = text.plist.xml; path = Info.plist; sourceTree = "<group>"; };
/* End PBXFileReference section */

/* Begin PBXFrameworksBuildPhase section */
		D4E7C17D2479A3F300E6CF2B /* Frameworks */ = {
			isa = PBXFrameworksBuildPhase;
			buildActionMask = 2147483647;
			files = (
				2C2A1994E99A553EC8EC62A1 /* Pods_plug.framework in Frameworks */,
			);
			runOnlyForDeploymentPostprocessing = 0;
		};
/* End PBXFrameworksBuildPhase section */

/* Begin PBXGroup section */
		446B00BF998FCFDD43082DCC /* Frameworks */ = {
			isa = PBXGroup;
			children = (
				3B81A51F40760BB193161C7A /* Pods_plug.framework */,
			);
			name = Frameworks;
			sourceTree = "<group>";
		};
		D4E7C1772479A3F300E6CF2B = {
			isa = PBXGroup;
			children = (
				D4E7C1822479A3F300E6CF2B /* plug */,
				D4E7C1812479A3F300E6CF2B /* Products */,
				EC42CB1AFC4FF52B132EE12C /* Pods */,
				446B00BF998FCFDD43082DCC /* Frameworks */,
			);
			sourceTree = "<group>";
		};
		D4E7C1812479A3F300E6CF2B /* Products */ = {
			isa = PBXGroup;
			children = (
				D4E7C1802479A3F300E6CF2B /* plug.app */,
			);
			name = Products;
			sourceTree = "<group>";
		};
		D4E7C1822479A3F300E6CF2B /* plug */ = {
			isa = PBXGroup;
			children = (
				D4E7C1832479A3F300E6CF2B /* AppDelegate.swift */,
				D4E7C1852479A3F300E6CF2B /* SceneDelegate.swift */,
				D45A0EFF2479AE2A00280226 /* RootViewController.swift */,
				D45A0EF92479A70500280226 /* PostViewController.swift */,
				D4E7C1892479A3F300E6CF2B /* Main.storyboard */,
				D4E7C18C2479A3F500E6CF2B /* Assets.xcassets */,
				D4E7C18E2479A3F500E6CF2B /* LaunchScreen.storyboard */,
				D4E7C1912479A3F500E6CF2B /* Info.plist */,
				D45A0EFB2479A73600280226 /* SectionController.swift */,
				D45A0EFD2479A8D600280226 /* Item.swift */,
			);
			path = plug;
			sourceTree = "<group>";
		};
		EC42CB1AFC4FF52B132EE12C /* Pods */ = {
			isa = PBXGroup;
			children = (
				61B3125928DE10FAAE66D200 /* Pods-plug.debug.xcconfig */,
				5C95089372D4874CF7B18AC9 /* Pods-plug.release.xcconfig */,
			);
			path = Pods;
			sourceTree = "<group>";
		};
/* End PBXGroup section */

/* Begin PBXNativeTarget section */
		D4E7C17F2479A3F300E6CF2B /* plug */ = {
			isa = PBXNativeTarget;
			buildConfigurationList = D4E7C1942479A3F500E6CF2B /* Build configuration list for PBXNativeTarget "plug" */;
			buildPhases = (
				03EE5645A4DF1B7D83623B83 /* [CP] Check Pods Manifest.lock */,
				D4E7C17C2479A3F300E6CF2B /* Sources */,
				D4E7C17D2479A3F300E6CF2B /* Frameworks */,
				D4E7C17E2479A3F300E6CF2B /* Resources */,
				42B5225843CEFEE3150E421D /* [CP] Embed Pods Frameworks */,
			);
			buildRules = (
			);
			dependencies = (
			);
			name = plug;
			productName = plug;
			productReference = D4E7C1802479A3F300E6CF2B /* plug.app */;
			productType = "com.apple.product-type.application";
		};
/* End PBXNativeTarget section */

/* Begin PBXProject section */
		D4E7C1782479A3F300E6CF2B /* Project object */ = {
			isa = PBXProject;
			attributes = {
				LastSwiftUpdateCheck = 1150;
				LastUpgradeCheck = 1150;
				ORGANIZATIONNAME = "Robert Crosby";
				TargetAttributes = {
					D4E7C17F2479A3F300E6CF2B = {
						CreatedOnToolsVersion = 11.5;
					};
				};
			};
			buildConfigurationList = D4E7C17B2479A3F300E6CF2B /* Build configuration list for PBXProject "plug" */;
			compatibilityVersion = "Xcode 9.3";
			developmentRegion = en;
			hasScannedForEncodings = 0;
			knownRegions = (
				en,
				Base,
			);
			mainGroup = D4E7C1772479A3F300E6CF2B;
			productRefGroup = D4E7C1812479A3F300E6CF2B /* Products */;
			projectDirPath = "";
			projectRoot = "";
			targets = (
				D4E7C17F2479A3F300E6CF2B /* plug */,
			);
		};
/* End PBXProject section */

/* Begin PBXResourcesBuildPhase section */
		D4E7C17E2479A3F300E6CF2B /* Resources */ = {
			isa = PBXResourcesBuildPhase;
			buildActionMask = 2147483647;
			files = (
				D4E7C1902479A3F500E6CF2B /* LaunchScreen.storyboard in Resources */,
				D4E7C18D2479A3F500E6CF2B /* Assets.xcassets in Resources */,
				D4E7C18B2479A3F300E6CF2B /* Main.storyboard in Resources */,
			);
			runOnlyForDeploymentPostprocessing = 0;
		};
/* End PBXResourcesBuildPhase section */

/* Begin PBXShellScriptBuildPhase section */
		03EE5645A4DF1B7D83623B83 /* [CP] Check Pods Manifest.lock */ = {
			isa = PBXShellScriptBuildPhase;
			buildActionMask = 2147483647;
			files = (
			);
			inputFileListPaths = (
			);
			inputPaths = (
				"${PODS_PODFILE_DIR_PATH}/Podfile.lock",
				"${PODS_ROOT}/Manifest.lock",
			);
			name = "[CP] Check Pods Manifest.lock";
			outputFileListPaths = (
			);
			outputPaths = (
				"$(DERIVED_FILE_DIR)/Pods-plug-checkManifestLockResult.txt",
			);
			runOnlyForDeploymentPostprocessing = 0;
			shellPath = /bin/sh;
			shellScript = "diff \"${PODS_PODFILE_DIR_PATH}/Podfile.lock\" \"${PODS_ROOT}/Manifest.lock\" > /dev/null\nif [ $? != 0 ] ; then\n    # print error to STDERR\n    echo \"error: The sandbox is not in sync with the Podfile.lock. Run 'pod install' or update your CocoaPods installation.\" >&2\n    exit 1\nfi\n# This output is used by Xcode 'outputs' to avoid re-running this script phase.\necho \"SUCCESS\" > \"${SCRIPT_OUTPUT_FILE_0}\"\n";
			showEnvVarsInLog = 0;
		};
		42B5225843CEFEE3150E421D /* [CP] Embed Pods Frameworks */ = {
			isa = PBXShellScriptBuildPhase;
			buildActionMask = 2147483647;
			files = (
			);
			inputFileListPaths = (
				"${PODS_ROOT}/Target Support Files/Pods-plug/Pods-plug-frameworks-${CONFIGURATION}-input-files.xcfilelist",
			);
			name = "[CP] Embed Pods Frameworks";
			outputFileListPaths = (
				"${PODS_ROOT}/Target Support Files/Pods-plug/Pods-plug-frameworks-${CONFIGURATION}-output-files.xcfilelist",
			);
			runOnlyForDeploymentPostprocessing = 0;
			shellPath = /bin/sh;
			shellScript = "\"${PODS_ROOT}/Target Support Files/Pods-plug/Pods-plug-frameworks.sh\"\n";
			showEnvVarsInLog = 0;
		};
/* End PBXShellScriptBuildPhase section */

/* Begin PBXSourcesBuildPhase section */
		D4E7C17C2479A3F300E6CF2B /* Sources */ = {
			isa = PBXSourcesBuildPhase;
			buildActionMask = 2147483647;
			files = (
				D45A0EFC2479A73600280226 /* SectionController.swift in Sources */,
				D45A0EFA2479A70500280226 /* PostViewController.swift in Sources */,
				D45A0F002479AE2A00280226 /* RootViewController.swift in Sources */,
				D4E7C1842479A3F300E6CF2B /* AppDelegate.swift in Sources */,
				D45A0EFE2479A8D600280226 /* Item.swift in Sources */,
				D4E7C1862479A3F300E6CF2B /* SceneDelegate.swift in Sources */,
			);
			runOnlyForDeploymentPostprocessing = 0;
		};
/* End PBXSourcesBuildPhase section */

/* Begin PBXVariantGroup section */
		D4E7C1892479A3F300E6CF2B /* Main.storyboard */ = {
			isa = PBXVariantGroup;
			children = (
				D4E7C18A2479A3F300E6CF2B /* Base */,
			);
			name = Main.storyboard;
			sourceTree = "<group>";
		};
		D4E7C18E2479A3F500E6CF2B /* LaunchScreen.storyboard */ = {
			isa = PBXVariantGroup;
			children = (
				D4E7C18F2479A3F500E6CF2B /* Base */,
			);
			name = LaunchScreen.storyboard;
			sourceTree = "<group>";
		};
/* End PBXVariantGroup section */

/* Begin XCBuildConfiguration section */
		D4E7C1922479A3F500E6CF2B /* Debug */ = {
			isa = XCBuildConfiguration;
			buildSettings = {
				ALWAYS_SEARCH_USER_PATHS = NO;
				CLANG_ANALYZER_NONNULL = YES;
				CLANG_ANALYZER_NUMBER_OBJECT_CONVERSION = YES_AGGRESSIVE;
				CLANG_CXX_LANGUAGE_STANDARD = "gnu++14";
				CLANG_CXX_LIBRARY = "libc++";
				CLANG_ENABLE_MODULES = YES;
				CLANG_ENABLE_OBJC_ARC = YES;
				CLANG_ENABLE_OBJC_WEAK = YES;
				CLANG_WARN_BLOCK_CAPTURE_AUTORELEASING = YES;
				CLANG_WARN_BOOL_CONVERSION = YES;
				CLANG_WARN_COMMA = YES;
				CLANG_WARN_CONSTANT_CONVERSION = YES;
				CLANG_WARN_DEPRECATED_OBJC_IMPLEMENTATIONS = YES;
				CLANG_WARN_DIRECT_OBJC_ISA_USAGE = YES_ERROR;
				CLANG_WARN_DOCUMENTATION_COMMENTS = YES;
				CLANG_WARN_EMPTY_BODY = YES;
				CLANG_WARN_ENUM_CONVERSION = YES;
				CLANG_WARN_INFINITE_RECURSION = YES;
				CLANG_WARN_INT_CONVERSION = YES;
				CLANG_WARN_NON_LITERAL_NULL_CONVERSION = YES;
				CLANG_WARN_OBJC_IMPLICIT_RETAIN_SELF = YES;
				CLANG_WARN_OBJC_LITERAL_CONVERSION = YES;
				CLANG_WARN_OBJC_ROOT_CLASS = YES_ERROR;
				CLANG_WARN_RANGE_LOOP_ANALYSIS = YES;
				CLANG_WARN_STRICT_PROTOTYPES = YES;
				CLANG_WARN_SUSPICIOUS_MOVE = YES;
				CLANG_WARN_UNGUARDED_AVAILABILITY = YES_AGGRESSIVE;
				CLANG_WARN_UNREACHABLE_CODE = YES;
				CLANG_WARN__DUPLICATE_METHOD_MATCH = YES;
				COPY_PHASE_STRIP = NO;
				DEBUG_INFORMATION_FORMAT = dwarf;
				ENABLE_STRICT_OBJC_MSGSEND = YES;
				ENABLE_TESTABILITY = YES;
				GCC_C_LANGUAGE_STANDARD = gnu11;
				GCC_DYNAMIC_NO_PIC = NO;
				GCC_NO_COMMON_BLOCKS = YES;
				GCC_OPTIMIZATION_LEVEL = 0;
				GCC_PREPROCESSOR_DEFINITIONS = (
					"DEBUG=1",
					"$(inherited)",
				);
				GCC_WARN_64_TO_32_BIT_CONVERSION = YES;
				GCC_WARN_ABOUT_RETURN_TYPE = YES_ERROR;
				GCC_WARN_UNDECLARED_SELECTOR = YES;
				GCC_WARN_UNINITIALIZED_AUTOS = YES_AGGRESSIVE;
				GCC_WARN_UNUSED_FUNCTION = YES;
				GCC_WARN_UNUSED_VARIABLE = YES;
				IPHONEOS_DEPLOYMENT_TARGET = 13.5;
				MTL_ENABLE_DEBUG_INFO = INCLUDE_SOURCE;
				MTL_FAST_MATH = YES;
				ONLY_ACTIVE_ARCH = YES;
				SDKROOT = iphoneos;
				SWIFT_ACTIVE_COMPILATION_CONDITIONS = DEBUG;
				SWIFT_OPTIMIZATION_LEVEL = "-Onone";
			};
			name = Debug;
		};
		D4E7C1932479A3F500E6CF2B /* Release */ = {
			isa = XCBuildConfiguration;
			buildSettings = {
				ALWAYS_SEARCH_USER_PATHS = NO;
				CLANG_ANALYZER_NONNULL = YES;
				CLANG_ANALYZER_NUMBER_OBJECT_CONVERSION = YES_AGGRESSIVE;
				CLANG_CXX_LANGUAGE_STANDARD = "gnu++14";
				CLANG_CXX_LIBRARY = "libc++";
				CLANG_ENABLE_MODULES = YES;
				CLANG_ENABLE_OBJC_ARC = YES;
				CLANG_ENABLE_OBJC_WEAK = YES;
				CLANG_WARN_BLOCK_CAPTURE_AUTORELEASING = YES;
				CLANG_WARN_BOOL_CONVERSION = YES;
				CLANG_WARN_COMMA = YES;
				CLANG_WARN_CONSTANT_CONVERSION = YES;
				CLANG_WARN_DEPRECATED_OBJC_IMPLEMENTATIONS = YES;
				CLANG_WARN_DIRECT_OBJC_ISA_USAGE = YES_ERROR;
				CLANG_WARN_DOCUMENTATION_COMMENTS = YES;
				CLANG_WARN_EMPTY_BODY = YES;
				CLANG_WARN_ENUM_CONVERSION = YES;
				CLANG_WARN_INFINITE_RECURSION = YES;
				CLANG_WARN_INT_CONVERSION = YES;
				CLANG_WARN_NON_LITERAL_NULL_CONVERSION = YES;
				CLANG_WARN_OBJC_IMPLICIT_RETAIN_SELF = YES;
				CLANG_WARN_OBJC_LITERAL_CONVERSION = YES;
				CLANG_WARN_OBJC_ROOT_CLASS = YES_ERROR;
				CLANG_WARN_RANGE_LOOP_ANALYSIS = YES;
				CLANG_WARN_STRICT_PROTOTYPES = YES;
				CLANG_WARN_SUSPICIOUS_MOVE = YES;
				CLANG_WARN_UNGUARDED_AVAILABILITY = YES_AGGRESSIVE;
				CLANG_WARN_UNREACHABLE_CODE = YES;
				CLANG_WARN__DUPLICATE_METHOD_MATCH = YES;
				COPY_PHASE_STRIP = NO;
				DEBUG_INFORMATION_FORMAT = "dwarf-with-dsym";
				ENABLE_NS_ASSERTIONS = NO;
				ENABLE_STRICT_OBJC_MSGSEND = YES;
				GCC_C_LANGUAGE_STANDARD = gnu11;
				GCC_NO_COMMON_BLOCKS = YES;
				GCC_WARN_64_TO_32_BIT_CONVERSION = YES;
				GCC_WARN_ABOUT_RETURN_TYPE = YES_ERROR;
				GCC_WARN_UNDECLARED_SELECTOR = YES;
				GCC_WARN_UNINITIALIZED_AUTOS = YES_AGGRESSIVE;
				GCC_WARN_UNUSED_FUNCTION = YES;
				GCC_WARN_UNUSED_VARIABLE = YES;
				IPHONEOS_DEPLOYMENT_TARGET = 13.5;
				MTL_ENABLE_DEBUG_INFO = NO;
				MTL_FAST_MATH = YES;
				SDKROOT = iphoneos;
				SWIFT_COMPILATION_MODE = wholemodule;
				SWIFT_OPTIMIZATION_LEVEL = "-O";
				VALIDATE_PRODUCT = YES;
			};
			name = Release;
		};
		D4E7C1952479A3F500E6CF2B /* Debug */ = {
			isa = XCBuildConfiguration;
			baseConfigurationReference = 61B3125928DE10FAAE66D200 /* Pods-plug.debug.xcconfig */;
			buildSettings = {
				ASSETCATALOG_COMPILER_APPICON_NAME = AppIcon;
				CODE_SIGN_STYLE = Automatic;
				DEVELOPMENT_TEAM = 7987ABMN4B;
				INFOPLIST_FILE = plug/Info.plist;
				IPHONEOS_DEPLOYMENT_TARGET = 13.0;
				LD_RUNPATH_SEARCH_PATHS = (
					"$(inherited)",
					"@executable_path/Frameworks",
				);
				PRODUCT_BUNDLE_IDENTIFIER = com.rob.plug;
				PRODUCT_NAME = "$(TARGET_NAME)";
				SWIFT_VERSION = 5.0;
				TARGETED_DEVICE_FAMILY = "1,2";
			};
			name = Debug;
		};
		D4E7C1962479A3F500E6CF2B /* Release */ = {
			isa = XCBuildConfiguration;
			baseConfigurationReference = 5C95089372D4874CF7B18AC9 /* Pods-plug.release.xcconfig */;
			buildSettings = {
				ASSETCATALOG_COMPILER_APPICON_NAME = AppIcon;
				CODE_SIGN_STYLE = Automatic;
				DEVELOPMENT_TEAM = 7987ABMN4B;
				INFOPLIST_FILE = plug/Info.plist;
				IPHONEOS_DEPLOYMENT_TARGET = 13.0;
				LD_RUNPATH_SEARCH_PATHS = (
					"$(inherited)",
					"@executable_path/Frameworks",
				);
				PRODUCT_BUNDLE_IDENTIFIER = com.rob.plug;
				PRODUCT_NAME = "$(TARGET_NAME)";
				SWIFT_VERSION = 5.0;
				TARGETED_DEVICE_FAMILY = "1,2";
			};
			name = Release;
		};
/* End XCBuildConfiguration section */

/* Begin XCConfigurationList section */
		D4E7C17B2479A3F300E6CF2B /* Build configuration list for PBXProject "plug" */ = {
			isa = XCConfigurationList;
			buildConfigurations = (
				D4E7C1922479A3F500E6CF2B /* Debug */,
				D4E7C1932479A3F500E6CF2B /* Release */,
			);
			defaultConfigurationIsVisible = 0;
			defaultConfigurationName = Release;
		};
		D4E7C1942479A3F500E6CF2B /* Build configuration list for PBXNativeTarget "plug" */ = {
			isa = XCConfigurationList;
			buildConfigurations = (
				D4E7C1952479A3F500E6CF2B /* Debug */,
				D4E7C1962479A3F500E6CF2B /* Release */,
			);
			defaultConfigurationIsVisible = 0;
			defaultConfigurationName = Release;
		};
/* End XCConfigurationList section */
	};
	rootObject = D4E7C1782479A3F300E6CF2B /* Project object */;
}
